<?xml version="1.0" encoding="utf-8"?>
<Project ToolsVersion="4.0" xmlns="http://schemas.microsoft.com/developer/msbuild/2003">
  <ItemGroup>
    <Filter Include="Source Files">
      <UniqueIdentifier>{4FC737F1-C7A5-4376-A066-2A32D752A2FF}</UniqueIdentifier>
      <Extensions>cpp;c;cc;cxx;def;odl;idl;hpj;bat;asm;asmx</Extensions>
    </Filter>
    <Filter Include="Header Files">
      <UniqueIdentifier>{93995380-89BD-4b04-88EB-625FBE52EBFB}</UniqueIdentifier>
      <Extensions>h;hpp;hxx;hm;inl;inc;xsd</Extensions>
    </Filter>
    <Filter Include="Resource Files">
      <UniqueIdentifier>{67DA6AB6-F800-4c08-8B7A-83BB121AAD01}</UniqueIdentifier>
      <Extensions>rc;ico;cur;bmp;dlg;rc2;rct;bin;rgs;gif;jpg;jpeg;jpe;resx;tiff;tif;png;wav;mfcribbon-ms</Extensions>
    </Filter>
  </ItemGroup>
  <ItemGroup>
    <ClCompile Include="BPM.c">
      <Filter>Source Files</Filter>
    </ClCompile>
    <ClCompile Include="CParticleTracking.c">
      <Filter>Source Files</Filter>
    </ClCompile>
    <ClCompile Include="Dipole.c">
      <Filter>Source Files</Filter>
    </ClCompile>
    <ClCompile Include="Drift.c">
      <Filter>Source Files</Filter>
    </ClCompile>
    <ClCompile Include="FieldMap.c">
      <Filter>Source Files</Filter>
    </ClCompile>
    <ClCompile Include="Octupole.c">
      <Filter>Source Files</Filter>
    </ClCompile>
    <ClCompile Include="OrbitCorrector.c">
      <Filter>Source Files</Filter>
    </ClCompile>
    <ClCompile Include="Quadrupole.c">
      <Filter>Source Files</Filter>
    </ClCompile>
    <ClCompile Include="RFCavity.c">
      <Filter>Source Files</Filter>
    </ClCompile>
    <ClCompile Include="Sextupole.c">
      <Filter>Source Files</Filter>
    </ClCompile>
    <ClCompile Include="Solenoid.c">
      <Filter>Source Files</Filter>
    </ClCompile>
    <ClCompile Include="Multipole.c">
      <Filter>Source Files</Filter>
    </ClCompile>
    <ClCompile Include="AppendComponent.c">
      <Filter>Source Files</Filter>
    </ClCompile>
    <ClCompile Include="Marker.c">
      <Filter>Source Files</Filter>
    </ClCompile>
    <ClCompile Include="FieldMapGenGradients.c">
      <Filter>Source Files</Filter>
    </ClCompile>
    <ClCompile Include="TaylorMap.c">
      <Filter>Source Files</Filter>
    </ClCompile>
  </ItemGroup>
  <ItemGroup>
    <ClInclude Include="CParticleTracking.h">
      <Filter>Header Files</Filter>
    </ClInclude>
    <ClInclude Include="GlobalVariables.h">
      <Filter>Header Files</Filter>
    </ClInclude>
    <ClInclude Include="AppendComponent.h">
      <Filter>Header Files</Filter>
    </ClInclude>
  </ItemGroup>
</Project>